// !$*UTF8*$!
{
	archiveVersion = 1;
	classes = {
	};
	objectVersion = 56;
	objects = {

/* Begin PBXBuildFile section */
		250FA1012BDD312900630DDC /* glue_detection.mlmodel in Sources */ = {isa = PBXBuildFile; fileRef = 250FA1002BDD312900630DDC /* glue_detection.mlmodel */; };
		252825092BED0CAF00EB0F1D /* FrameView.swift in Sources */ = {isa = PBXBuildFile; fileRef = 252825082BED0CAF00EB0F1D /* FrameView.swift */; };
		2528250B2BED0DE700EB0F1D /* FrameHandle.swift in Sources */ = {isa = PBXBuildFile; fileRef = 2528250A2BED0DE700EB0F1D /* FrameHandle.swift */; };
		2528250D2BED235C00EB0F1D /* ViewController.swift in Sources */ = {isa = PBXBuildFile; fileRef = 2528250C2BED235C00EB0F1D /* ViewController.swift */; };
		254E722F2BD559ED007B5E4A /* RedBookApp.swift in Sources */ = {isa = PBXBuildFile; fileRef = 254E722E2BD559ED007B5E4A /* RedBookApp.swift */; };
		254E72312BD559ED007B5E4A /* ContentView.swift in Sources */ = {isa = PBXBuildFile; fileRef = 254E72302BD559ED007B5E4A /* ContentView.swift */; };
		254E72332BD559EE007B5E4A /* Assets.xcassets in Resources */ = {isa = PBXBuildFile; fileRef = 254E72322BD559EE007B5E4A /* Assets.xcassets */; };
		254E72362BD559EE007B5E4A /* Preview Assets.xcassets in Resources */ = {isa = PBXBuildFile; fileRef = 254E72352BD559EE007B5E4A /* Preview Assets.xcassets */; };
		25F905542BD8028C0086D427 /* Animals10.mlmodel in Sources */ = {isa = PBXBuildFile; fileRef = 25F905532BD8028C0086D427 /* Animals10.mlmodel */; };
/* End PBXBuildFile section */

/* Begin PBXFileReference section */
		250FA1002BDD312900630DDC /* glue_detection.mlmodel */ = {isa = PBXFileReference; lastKnownFileType = file.mlmodel; path = glue_detection.mlmodel; sourceTree = "<group>"; };
		252825082BED0CAF00EB0F1D /* FrameView.swift */ = {isa = PBXFileReference; lastKnownFileType = sourcecode.swift; path = FrameView.swift; sourceTree = "<group>"; };
		2528250A2BED0DE700EB0F1D /* FrameHandle.swift */ = {isa = PBXFileReference; lastKnownFileType = sourcecode.swift; path = FrameHandle.swift; sourceTree = "<group>"; };
		2528250C2BED235C00EB0F1D /* ViewController.swift */ = {isa = PBXFileReference; lastKnownFileType = sourcecode.swift; path = ViewController.swift; sourceTree = "<group>"; };
		254E722B2BD559ED007B5E4A /* RedBook.app */ = {isa = PBXFileReference; explicitFileType = wrapper.application; includeInIndex = 0; path = RedBook.app; sourceTree = BUILT_PRODUCTS_DIR; };
		254E722E2BD559ED007B5E4A /* RedBookApp.swift */ = {isa = PBXFileReference; lastKnownFileType = sourcecode.swift; path = RedBookApp.swift; sourceTree = "<group>"; };
		254E72302BD559ED007B5E4A /* ContentView.swift */ = {isa = PBXFileReference; lastKnownFileType = sourcecode.swift; path = ContentView.swift; sourceTree = "<group>"; };
		254E72322BD559EE007B5E4A /* Assets.xcassets */ = {isa = PBXFileReference; lastKnownFileType = folder.assetcatalog; path = Assets.xcassets; sourceTree = "<group>"; };
		254E72352BD559EE007B5E4A /* Preview Assets.xcassets */ = {isa = PBXFileReference; lastKnownFileType = folder.assetcatalog; path = "Preview Assets.xcassets"; sourceTree = "<group>"; };
		25F905532BD8028C0086D427 /* Animals10.mlmodel */ = {isa = PBXFileReference; lastKnownFileType = file.mlmodel; path = Animals10.mlmodel; sourceTree = "<group>"; };
/* End PBXFileReference section */

/* Begin PBXFrameworksBuildPhase section */
		254E72282BD559ED007B5E4A /* Frameworks */ = {
			isa = PBXFrameworksBuildPhase;
			buildActionMask = 2147483647;
			files = (
			);
			runOnlyForDeploymentPostprocessing = 0;
		};
/* End PBXFrameworksBuildPhase section */

/* Begin PBXGroup section */
		254E72222BD559ED007B5E4A = {
			isa = PBXGroup;
			children = (
				254E722D2BD559ED007B5E4A /* RedBook */,
				254E722C2BD559ED007B5E4A /* Products */,
			);
			sourceTree = "<group>";
		};
		254E722C2BD559ED007B5E4A /* Products */ = {
			isa = PBXGroup;
			children = (
				254E722B2BD559ED007B5E4A /* RedBook.app */,
			);
			name = Products;
			sourceTree = "<group>";
		};
		254E722D2BD559ED007B5E4A /* RedBook */ = {
			isa = PBXGroup;
			children = (
				254E722E2BD559ED007B5E4A /* RedBookApp.swift */,
				254E72302BD559ED007B5E4A /* ContentView.swift */,
				252825082BED0CAF00EB0F1D /* FrameView.swift */,
				2528250A2BED0DE700EB0F1D /* FrameHandle.swift */,
				2528250C2BED235C00EB0F1D /* ViewController.swift */,
				250FA1002BDD312900630DDC /* glue_detection.mlmodel */,
				25F905532BD8028C0086D427 /* Animals10.mlmodel */,
				254E72322BD559EE007B5E4A /* Assets.xcassets */,
				254E72342BD559EE007B5E4A /* Preview Content */,
			);
			path = RedBook;
			sourceTree = "<group>";
		};
		254E72342BD559EE007B5E4A /* Preview Content */ = {
			isa = PBXGroup;
			children = (
				254E72352BD559EE007B5E4A /* Preview Assets.xcassets */,
			);
			path = "Preview Content";
			sourceTree = "<group>";
		};
/* End PBXGroup section */

/* Begin PBXNativeTarget section */
		254E722A2BD559ED007B5E4A /* RedBook */ = {
			isa = PBXNativeTarget;
			buildConfigurationList = 254E72392BD559EE007B5E4A /* Build configuration list for PBXNativeTarget "RedBook" */;
			buildPhases = (
				254E72272BD559ED007B5E4A /* Sources */,
				254E72282BD559ED007B5E4A /* Frameworks */,
				254E72292BD559ED007B5E4A /* Resources */,
			);
			buildRules = (
			);
			dependencies = (
			);
			name = RedBook;
			productName = RedBook;
			productReference = 254E722B2BD559ED007B5E4A /* RedBook.app */;
			productType = "com.apple.product-type.application";
		};
/* End PBXNativeTarget section */

/* Begin PBXProject section */
		254E72232BD559ED007B5E4A /* Project object */ = {
			isa = PBXProject;
			attributes = {
				BuildIndependentTargetsInParallel = 1;
				LastSwiftUpdateCheck = 1500;
				LastUpgradeCheck = 1500;
				TargetAttributes = {
					254E722A2BD559ED007B5E4A = {
						CreatedOnToolsVersion = 15.0.1;
					};
				};
			};
			buildConfigurationList = 254E72262BD559ED007B5E4A /* Build configuration list for PBXProject "RedBook" */;
			compatibilityVersion = "Xcode 14.0";
			developmentRegion = en;
			hasScannedForEncodings = 0;
			knownRegions = (
				en,
				Base,
			);
			mainGroup = 254E72222BD559ED007B5E4A;
			productRefGroup = 254E722C2BD559ED007B5E4A /* Products */;
			projectDirPath = "";
			projectRoot = "";
			targets = (
				254E722A2BD559ED007B5E4A /* RedBook */,
			);
		};
/* End PBXProject section */

/* Begin PBXResourcesBuildPhase section */
		254E72292BD559ED007B5E4A /* Resources */ = {
			isa = PBXResourcesBuildPhase;
			buildActionMask = 2147483647;
			files = (
				254E72362BD559EE007B5E4A /* Preview Assets.xcassets in Resources */,
				254E72332BD559EE007B5E4A /* Assets.xcassets in Resources */,
			);
			runOnlyForDeploymentPostprocessing = 0;
		};
/* End PBXResourcesBuildPhase section */

/* Begin PBXSourcesBuildPhase section */
		254E72272BD559ED007B5E4A /* Sources */ = {
			isa = PBXSourcesBuildPhase;
			buildActionMask = 2147483647;
			files = (
				254E72312BD559ED007B5E4A /* ContentView.swift in Sources */,
				2528250B2BED0DE700EB0F1D /* FrameHandle.swift in Sources */,
				250FA1012BDD312900630DDC /* glue_detection.mlmodel in Sources */,
				254E722F2BD559ED007B5E4A /* RedBookApp.swift in Sources */,
				2528250D2BED235C00EB0F1D /* ViewController.swift in Sources */,
				252825092BED0CAF00EB0F1D /* FrameView.swift in Sources */,
				25F905542BD8028C0086D427 /* Animals10.mlmodel in Sources */,
			);
			runOnlyForDeploymentPostprocessing = 0;
		};
/* End PBXSourcesBuildPhase section */

/* Begin XCBuildConfiguration section */
		254E72372BD559EE007B5E4A /* Debug */ = {
			isa = XCBuildConfiguration;
			buildSettings = {
				ALWAYS_SEARCH_USER_PATHS = NO;
				ASSETCATALOG_COMPILER_GENERATE_SWIFT_ASSET_SYMBOL_EXTENSIONS = YES;
				CLANG_ANALYZER_NONNULL = YES;
				CLANG_ANALYZER_NUMBER_OBJECT_CONVERSION = YES_AGGRESSIVE;
				CLANG_CXX_LANGUAGE_STANDARD = "gnu++20";
				CLANG_ENABLE_MODULES = YES;
				CLANG_ENABLE_OBJC_ARC = YES;
				CLANG_ENABLE_OBJC_WEAK = YES;
				CLANG_WARN_BLOCK_CAPTURE_AUTORELEASING = YES;
				CLANG_WARN_BOOL_CONVERSION = YES;
				CLANG_WARN_COMMA = YES;
				CLANG_WARN_CONSTANT_CONVERSION = YES;
				CLANG_WARN_DEPRECATED_OBJC_IMPLEMENTATIONS = YES;
				CLANG_WARN_DIRECT_OBJC_ISA_USAGE = YES_ERROR;
				CLANG_WARN_DOCUMENTATION_COMMENTS = YES;
				CLANG_WARN_EMPTY_BODY = YES;
				CLANG_WARN_ENUM_CONVERSION = YES;
				CLANG_WARN_INFINITE_RECURSION = YES;
				CLANG_WARN_INT_CONVERSION = YES;
				CLANG_WARN_NON_LITERAL_NULL_CONVERSION = YES;
				CLANG_WARN_OBJC_IMPLICIT_RETAIN_SELF = YES;
				CLANG_WARN_OBJC_LITERAL_CONVERSION = YES;
				CLANG_WARN_OBJC_ROOT_CLASS = YES_ERROR;
				CLANG_WARN_QUOTED_INCLUDE_IN_FRAMEWORK_HEADER = YES;
				CLANG_WARN_RANGE_LOOP_ANALYSIS = YES;
				CLANG_WARN_STRICT_PROTOTYPES = YES;
				CLANG_WARN_SUSPICIOUS_MOVE = YES;
				CLANG_WARN_UNGUARDED_AVAILABILITY = YES_AGGRESSIVE;
				CLANG_WARN_UNREACHABLE_CODE = YES;
				CLANG_WARN__DUPLICATE_METHOD_MATCH = YES;
				COPY_PHASE_STRIP = NO;
				DEBUG_INFORMATION_FORMAT = dwarf;
				ENABLE_STRICT_OBJC_MSGSEND = YES;
				ENABLE_TESTABILITY = YES;
				ENABLE_USER_SCRIPT_SANDBOXING = YES;
				GCC_C_LANGUAGE_STANDARD = gnu17;
				GCC_DYNAMIC_NO_PIC = NO;
				GCC_NO_COMMON_BLOCKS = YES;
				GCC_OPTIMIZATION_LEVEL = 0;
				GCC_PREPROCESSOR_DEFINITIONS = (
					"DEBUG=1",
					"$(inherited)",
				);
				GCC_WARN_64_TO_32_BIT_CONVERSION = YES;
				GCC_WARN_ABOUT_RETURN_TYPE = YES_ERROR;
				GCC_WARN_UNDECLARED_SELECTOR = YES;
				GCC_WARN_UNINITIALIZED_AUTOS = YES_AGGRESSIVE;
				GCC_WARN_UNUSED_FUNCTION = YES;
				GCC_WARN_UNUSED_VARIABLE = YES;
				IPHONEOS_DEPLOYMENT_TARGET = 17.0;
				LOCALIZATION_PREFERS_STRING_CATALOGS = YES;
				MTL_ENABLE_DEBUG_INFO = INCLUDE_SOURCE;
				MTL_FAST_MATH = YES;
				ONLY_ACTIVE_ARCH = YES;
				SDKROOT = iphoneos;
				SWIFT_ACTIVE_COMPILATION_CONDITIONS = "DEBUG $(inherited)";
				SWIFT_OPTIMIZATION_LEVEL = "-Onone";
			};
			name = Debug;
		};
		254E72382BD559EE007B5E4A /* Release */ = {
			isa = XCBuildConfiguration;
			buildSettings = {
				ALWAYS_SEARCH_USER_PATHS = NO;
				ASSETCATALOG_COMPILER_GENERATE_SWIFT_ASSET_SYMBOL_EXTENSIONS = YES;
				CLANG_ANALYZER_NONNULL = YES;
				CLANG_ANALYZER_NUMBER_OBJECT_CONVERSION = YES_AGGRESSIVE;
				CLANG_CXX_LANGUAGE_STANDARD = "gnu++20";
				CLANG_ENABLE_MODULES = YES;
				CLANG_ENABLE_OBJC_ARC = YES;
				CLANG_ENABLE_OBJC_WEAK = YES;
				CLANG_WARN_BLOCK_CAPTURE_AUTORELEASING = YES;
				CLANG_WARN_BOOL_CONVERSION = YES;
				CLANG_WARN_COMMA = YES;
				CLANG_WARN_CONSTANT_CONVERSION = YES;
				CLANG_WARN_DEPRECATED_OBJC_IMPLEMENTATIONS = YES;
				CLANG_WARN_DIRECT_OBJC_ISA_USAGE = YES_ERROR;
				CLANG_WARN_DOCUMENTATION_COMMENTS = YES;
				CLANG_WARN_EMPTY_BODY = YES;
				CLANG_WARN_ENUM_CONVERSION = YES;
				CLANG_WARN_INFINITE_RECURSION = YES;
				CLANG_WARN_INT_CONVERSION = YES;
				CLANG_WARN_NON_LITERAL_NULL_CONVERSION = YES;
				CLANG_WARN_OBJC_IMPLICIT_RETAIN_SELF = YES;
				CLANG_WARN_OBJC_LITERAL_CONVERSION = YES;
				CLANG_WARN_OBJC_ROOT_CLASS = YES_ERROR;
				CLANG_WARN_QUOTED_INCLUDE_IN_FRAMEWORK_HEADER = YES;
				CLANG_WARN_RANGE_LOOP_ANALYSIS = YES;
				CLANG_WARN_STRICT_PROTOTYPES = YES;
				CLANG_WARN_SUSPICIOUS_MOVE = YES;
				CLANG_WARN_UNGUARDED_AVAILABILITY = YES_AGGRESSIVE;
				CLANG_WARN_UNREACHABLE_CODE = YES;
				CLANG_WARN__DUPLICATE_METHOD_MATCH = YES;
				COPY_PHASE_STRIP = NO;
				DEBUG_INFORMATION_FORMAT = "dwarf-with-dsym";
				ENABLE_NS_ASSERTIONS = NO;
				ENABLE_STRICT_OBJC_MSGSEND = YES;
				ENABLE_USER_SCRIPT_SANDBOXING = YES;
				GCC_C_LANGUAGE_STANDARD = gnu17;
				GCC_NO_COMMON_BLOCKS = YES;
				GCC_WARN_64_TO_32_BIT_CONVERSION = YES;
				GCC_WARN_ABOUT_RETURN_TYPE = YES_ERROR;
				GCC_WARN_UNDECLARED_SELECTOR = YES;
				GCC_WARN_UNINITIALIZED_AUTOS = YES_AGGRESSIVE;
				GCC_WARN_UNUSED_FUNCTION = YES;
				GCC_WARN_UNUSED_VARIABLE = YES;
				IPHONEOS_DEPLOYMENT_TARGET = 17.0;
				LOCALIZATION_PREFERS_STRING_CATALOGS = YES;
				MTL_ENABLE_DEBUG_INFO = NO;
				MTL_FAST_MATH = YES;
				SDKROOT = iphoneos;
				SWIFT_COMPILATION_MODE = wholemodule;
				VALIDATE_PRODUCT = YES;
			};
			name = Release;
		};
		254E723A2BD559EE007B5E4A /* Debug */ = {
			isa = XCBuildConfiguration;
			buildSettings = {
				ASSETCATALOG_COMPILER_APPICON_NAME = AppIcon;
				ASSETCATALOG_COMPILER_GLOBAL_ACCENT_COLOR_NAME = AccentColor;
				CODE_SIGN_STYLE = Automatic;
				CURRENT_PROJECT_VERSION = 1;
				DEVELOPMENT_ASSET_PATHS = "\"RedBook/Preview Content\"";
				DEVELOPMENT_TEAM = 3UB7Y5S238;
				ENABLE_PREVIEWS = YES;
				GENERATE_INFOPLIST_FILE = YES;
				INFOPLIST_KEY_NSCameraUsageDescription = "Camer choose";
				INFOPLIST_KEY_UIApplicationSceneManifest_Generation = YES;
				INFOPLIST_KEY_UIApplicationSupportsIndirectInputEvents = YES;
				INFOPLIST_KEY_UILaunchScreen_Generation = YES;
				INFOPLIST_KEY_UISupportedInterfaceOrientations_iPad = "UIInterfaceOrientationPortrait UIInterfaceOrientationPortraitUpsideDown UIInterfaceOrientationLandscapeLeft UIInterfaceOrientationLandscapeRight";
				INFOPLIST_KEY_UISupportedInterfaceOrientations_iPhone = "UIInterfaceOrientationPortrait UIInterfaceOrientationLandscapeLeft UIInterfaceOrientationLandscapeRight";
				IPHONEOS_DEPLOYMENT_TARGET = 16.2;
				LD_RUNPATH_SEARCH_PATHS = (
					"$(inherited)",
					"@executable_path/Frameworks",
				);
				MARKETING_VERSION = 1.0;
				PRODUCT_BUNDLE_IDENTIFIER = com.liuzhao.RedBook;
				PRODUCT_NAME = "$(TARGET_NAME)";
				SWIFT_EMIT_LOC_STRINGS = YES;
				SWIFT_VERSION = 5.0;
				TARGETED_DEVICE_FAMILY = "1,2";
			};
			name = Debug;
		};
		254E723B2BD559EE007B5E4A /* Release */ = {
			isa = XCBuildConfiguration;
			buildSettings = {
				ASSETCATALOG_COMPILER_APPICON_NAME = AppIcon;
				ASSETCATALOG_COMPILER_GLOBAL_ACCENT_COLOR_NAME = AccentColor;
				CODE_SIGN_STYLE = Automatic;
				CURRENT_PROJECT_VERSION = 1;
				DEVELOPMENT_ASSET_PATHS = "\"RedBook/Preview Content\"";
				DEVELOPMENT_TEAM = 3UB7Y5S238;
				ENABLE_PREVIEWS = YES;
				GENERATE_INFOPLIST_FILE = YES;
				INFOPLIST_KEY_NSCameraUsageDescription = "Camer choose";
				INFOPLIST_KEY_UIApplicationSceneManifest_Generation = YES;
				INFOPLIST_KEY_UIApplicationSupportsIndirectInputEvents = YES;
				INFOPLIST_KEY_UILaunchScreen_Generation = YES;
				INFOPLIST_KEY_UISupportedInterfaceOrientations_iPad = "UIInterfaceOrientationPortrait UIInterfaceOrientationPortraitUpsideDown UIInterfaceOrientationLandscapeLeft UIInterfaceOrientationLandscapeRight";
				INFOPLIST_KEY_UISupportedInterfaceOrientations_iPhone = "UIInterfaceOrientationPortrait UIInterfaceOrientationLandscapeLeft UIInterfaceOrientationLandscapeRight";
				IPHONEOS_DEPLOYMENT_TARGET = 16.2;
				LD_RUNPATH_SEARCH_PATHS = (
					"$(inherited)",
					"@executable_path/Frameworks",
				);
				MARKETING_VERSION = 1.0;
				PRODUCT_BUNDLE_IDENTIFIER = com.liuzhao.RedBook;
				PRODUCT_NAME = "$(TARGET_NAME)";
				SWIFT_EMIT_LOC_STRINGS = YES;
				SWIFT_VERSION = 5.0;
				TARGETED_DEVICE_FAMILY = "1,2";
			};
			name = Release;
		};
/* End XCBuildConfiguration section */

/* Begin XCConfigurationList section */
		254E72262BD559ED007B5E4A /* Build configuration list for PBXProject "RedBook" */ = {
			isa = XCConfigurationList;
			buildConfigurations = (
				254E72372BD559EE007B5E4A /* Debug */,
				254E72382BD559EE007B5E4A /* Release */,
			);
			defaultConfigurationIsVisible = 0;
			defaultConfigurationName = Release;
		};
		254E72392BD559EE007B5E4A /* Build configuration list for PBXNativeTarget "RedBook" */ = {
			isa = XCConfigurationList;
			buildConfigurations = (
				254E723A2BD559EE007B5E4A /* Debug */,
				254E723B2BD559EE007B5E4A /* Release */,
			);
			defaultConfigurationIsVisible = 0;
			defaultConfigurationName = Release;
		};
/* End XCConfigurationList section */
	};
	rootObject = 254E72232BD559ED007B5E4A /* Project object */;
}
